
Microsoft Visual Studio Solution File, Format Version 12.00
# Visual Studio Version 17
VisualStudioVersion = 17.13.35931.197 d17.13
MinimumVisualStudioVersion = 10.0.40219.1
Project("{8BC9CEB8-8B4A-11D0-8D11-00A0C91BC942}") = "PG3", "PG3\PG3.vcxproj", "{47D61016-07E2-4188-A6D9-88B59D6D3144}"
EndProject
Project("{8BC9CEB8-8B4A-11D0-8D11-00A0C91BC942}") = "00_01", "00_01\00_01.vcxproj", "{940B0FBF-AB6B-44AF-8134-4BE28980E891}"
EndProject
Project("{2150E333-8FDC-42A3-9474-1A3956D46DE8}") = "ソリューション項目", "ソリューション項目", "{2022CB0F-8BAF-F49E-0C48-8EF4C96EC109}"
	ProjectSection(SolutionItems) = preProject
		.editorconfig = .editorconfig
	EndProjectSection
EndProject
Project("{8BC9CEB8-8B4A-11D0-8D11-00A0C91BC942}") = "01-01", "01-01\01-01.vcxproj", "{CD5C79C4-0937-430F-A05D-383999EC9FC3}"
EndProject
Global
	GlobalSection(SolutionConfigurationPlatforms) = preSolution
		Debug|x64 = Debug|x64
		Debug|x86 = Debug|x86
		Release|x64 = Release|x64
		Release|x86 = Release|x86
	EndGlobalSection
	GlobalSection(ProjectConfigurationPlatforms) = postSolution
		{47D61016-07E2-4188-A6D9-88B59D6D3144}.Debug|x64.ActiveCfg = Debug|x64
		{47D61016-07E2-4188-A6D9-88B59D6D3144}.Debug|x64.Build.0 = Debug|x64
		{47D61016-07E2-4188-A6D9-88B59D6D3144}.Debug|x86.ActiveCfg = Debug|Win32
		{47D61016-07E2-4188-A6D9-88B59D6D3144}.Debug|x86.Build.0 = Debug|Win32
		{47D61016-07E2-4188-A6D9-88B59D6D3144}.Release|x64.ActiveCfg = Release|x64
		{47D61016-07E2-4188-A6D9-88B59D6D3144}.Release|x64.Build.0 = Release|x64
		{47D61016-07E2-4188-A6D9-88B59D6D3144}.Release|x86.ActiveCfg = Release|Win32
		{47D61016-07E2-4188-A6D9-88B59D6D3144}.Release|x86.Build.0 = Release|Win32
		{940B0FBF-AB6B-44AF-8134-4BE28980E891}.Debug|x64.ActiveCfg = Debug|x64
		{940B0FBF-AB6B-44AF-8134-4BE28980E891}.Debug|x64.Build.0 = Debug|x64
		{940B0FBF-AB6B-44AF-8134-4BE28980E891}.Debug|x86.ActiveCfg = Debug|Win32
		{940B0FBF-AB6B-44AF-8134-4BE28980E891}.Debug|x86.Build.0 = Debug|Win32
		{940B0FBF-AB6B-44AF-8134-4BE28980E891}.Release|x64.ActiveCfg = Release|x64
		{940B0FBF-AB6B-44AF-8134-4BE28980E891}.Release|x64.Build.0 = Release|x64
		{940B0FBF-AB6B-44AF-8134-4BE28980E891}.Release|x86.ActiveCfg = Release|Win32
		{940B0FBF-AB6B-44AF-8134-4BE28980E891}.Release|x86.Build.0 = Release|Win32
		{CD5C79C4-0937-430F-A05D-383999EC9FC3}.Debug|x64.ActiveCfg = Debug|x64
		{CD5C79C4-0937-430F-A05D-383999EC9FC3}.Debug|x64.Build.0 = Debug|x64
		{CD5C79C4-0937-430F-A05D-383999EC9FC3}.Debug|x86.ActiveCfg = Debug|Win32
		{CD5C79C4-0937-430F-A05D-383999EC9FC3}.Debug|x86.Build.0 = Debug|Win32
		{CD5C79C4-0937-430F-A05D-383999EC9FC3}.Release|x64.ActiveCfg = Release|x64
		{CD5C79C4-0937-430F-A05D-383999EC9FC3}.Release|x64.Build.0 = Release|x64
		{CD5C79C4-0937-430F-A05D-383999EC9FC3}.Release|x86.ActiveCfg = Release|Win32
		{CD5C79C4-0937-430F-A05D-383999EC9FC3}.Release|x86.Build.0 = Release|Win32
	EndGlobalSection
	GlobalSection(SolutionProperties) = preSolution
		HideSolutionNode = FALSE
	EndGlobalSection
	GlobalSection(ExtensibilityGlobals) = postSolution
		SolutionGuid = {44C7BB7B-1973-47A2-B775-3DF4DC76045F}
	EndGlobalSection
EndGlobal
