
Microsoft Visual Studio Solution File, Format Version 12.00
# Visual Studio Version 17
VisualStudioVersion = 17.13.35931.197
MinimumVisualStudioVersion = 10.0.40219.1
Project("{8BC9CEB8-8B4A-11D0-8D11-00A0C91BC942}") = "PG3", "PG3\PG3.vcxproj", "{47D61016-07E2-4188-A6D9-88B59D6D3144}"
EndProject
Project("{8BC9CEB8-8B4A-11D0-8D11-00A0C91BC942}") = "00_01", "00_01\00_01.vcxproj", "{940B0FBF-AB6B-44AF-8134-4BE28980E891}"
EndProject
Project("{2150E333-8FDC-42A3-9474-1A3956D46DE8}") = "ソリューション項目", "ソリューション項目", "{2022CB0F-8BAF-F49E-0C48-8EF4C96EC109}"
	ProjectSection(SolutionItems) = preProject
		.editorconfig = .editorconfig
	EndProjectSection
EndProject
Project("{8BC9CEB8-8B4A-11D0-8D11-00A0C91BC942}") = "01-01", "01-01\01-01.vcxproj", "{CD5C79C4-0937-430F-A05D-383999EC9FC3}"
EndProject
Project("{8BC9CEB8-8B4A-11D0-8D11-00A0C91BC942}") = "01-02", "01-02\01-02.vcxproj", "{E0E7A48B-3E9D-41A2-8B45-83368ED236C9}"
EndProject
Project("{8BC9CEB8-8B4A-11D0-8D11-00A0C91BC942}") = "02-01", "02-01\02-01.vcxproj", "{D476B6A3-65A4-4928-B8F3-E15EA5508876}"
EndProject
Project("{8BC9CEB8-8B4A-11D0-8D11-00A0C91BC942}") = "02-02", "02-02\02-02.vcxproj", "{791DC890-7C37-46D9-A552-EDB74121CD5A}"
EndProject
Project("{8BC9CEB8-8B4A-11D0-8D11-00A0C91BC942}") = "02-03", "02-03\02-03.vcxproj", "{6FD92AF1-30BB-4F2C-9B09-105B71D7608E}"
EndProject
Project("{8BC9CEB8-8B4A-11D0-8D11-00A0C91BC942}") = "02-04", "02-04\02-04.vcxproj", "{411679A0-1FAD-4DC5-A175-F7D99485EFB5}"
EndProject
Project("{8BC9CEB8-8B4A-11D0-8D11-00A0C91BC942}") = "03-01", "03-01\03-01.vcxproj", "{092F6BCC-5F31-46D5-B2FB-3F111681498E}"
EndProject
Project("{8BC9CEB8-8B4A-11D0-8D11-00A0C91BC942}") = "03-02", "03-02\03-02.vcxproj", "{D23A6B1E-C837-45C8-BAA4-4C495C0F04D9}"
EndProject
Project("{8BC9CEB8-8B4A-11D0-8D11-00A0C91BC942}") = "03-03", "03-03\03-03.vcxproj", "{AE46CF16-DE5A-4284-B882-297765650075}"
EndProject
Project("{8BC9CEB8-8B4A-11D0-8D11-00A0C91BC942}") = "03-04", "03-04\03-04.vcxproj", "{3C68ACE2-F235-4314-BF45-5BE7368F5BF4}"
EndProject
Project("{8BC9CEB8-8B4A-11D0-8D11-00A0C91BC942}") = "04-01", "04-01\04-01.vcxproj", "{5A86AC0A-217D-4429-AC4A-7D0DD826BAA1}"
EndProject
Global
	GlobalSection(SolutionConfigurationPlatforms) = preSolution
		Debug|x64 = Debug|x64
		Debug|x86 = Debug|x86
		Release|x64 = Release|x64
		Release|x86 = Release|x86
	EndGlobalSection
	GlobalSection(ProjectConfigurationPlatforms) = postSolution
		{47D61016-07E2-4188-A6D9-88B59D6D3144}.Debug|x64.ActiveCfg = Debug|x64
		{47D61016-07E2-4188-A6D9-88B59D6D3144}.Debug|x64.Build.0 = Debug|x64
		{47D61016-07E2-4188-A6D9-88B59D6D3144}.Debug|x86.ActiveCfg = Debug|Win32
		{47D61016-07E2-4188-A6D9-88B59D6D3144}.Debug|x86.Build.0 = Debug|Win32
		{47D61016-07E2-4188-A6D9-88B59D6D3144}.Release|x64.ActiveCfg = Release|x64
		{47D61016-07E2-4188-A6D9-88B59D6D3144}.Release|x64.Build.0 = Release|x64
		{47D61016-07E2-4188-A6D9-88B59D6D3144}.Release|x86.ActiveCfg = Release|Win32
		{47D61016-07E2-4188-A6D9-88B59D6D3144}.Release|x86.Build.0 = Release|Win32
		{940B0FBF-AB6B-44AF-8134-4BE28980E891}.Debug|x64.ActiveCfg = Debug|x64
		{940B0FBF-AB6B-44AF-8134-4BE28980E891}.Debug|x64.Build.0 = Debug|x64
		{940B0FBF-AB6B-44AF-8134-4BE28980E891}.Debug|x86.ActiveCfg = Debug|Win32
		{940B0FBF-AB6B-44AF-8134-4BE28980E891}.Debug|x86.Build.0 = Debug|Win32
		{940B0FBF-AB6B-44AF-8134-4BE28980E891}.Release|x64.ActiveCfg = Release|x64
		{940B0FBF-AB6B-44AF-8134-4BE28980E891}.Release|x64.Build.0 = Release|x64
		{940B0FBF-AB6B-44AF-8134-4BE28980E891}.Release|x86.ActiveCfg = Release|Win32
		{940B0FBF-AB6B-44AF-8134-4BE28980E891}.Release|x86.Build.0 = Release|Win32
		{CD5C79C4-0937-430F-A05D-383999EC9FC3}.Debug|x64.ActiveCfg = Debug|x64
		{CD5C79C4-0937-430F-A05D-383999EC9FC3}.Debug|x64.Build.0 = Debug|x64
		{CD5C79C4-0937-430F-A05D-383999EC9FC3}.Debug|x86.ActiveCfg = Debug|Win32
		{CD5C79C4-0937-430F-A05D-383999EC9FC3}.Debug|x86.Build.0 = Debug|Win32
		{CD5C79C4-0937-430F-A05D-383999EC9FC3}.Release|x64.ActiveCfg = Release|x64
		{CD5C79C4-0937-430F-A05D-383999EC9FC3}.Release|x64.Build.0 = Release|x64
		{CD5C79C4-0937-430F-A05D-383999EC9FC3}.Release|x86.ActiveCfg = Release|Win32
		{CD5C79C4-0937-430F-A05D-383999EC9FC3}.Release|x86.Build.0 = Release|Win32
		{E0E7A48B-3E9D-41A2-8B45-83368ED236C9}.Debug|x64.ActiveCfg = Debug|x64
		{E0E7A48B-3E9D-41A2-8B45-83368ED236C9}.Debug|x64.Build.0 = Debug|x64
		{E0E7A48B-3E9D-41A2-8B45-83368ED236C9}.Debug|x86.ActiveCfg = Debug|Win32
		{E0E7A48B-3E9D-41A2-8B45-83368ED236C9}.Debug|x86.Build.0 = Debug|Win32
		{E0E7A48B-3E9D-41A2-8B45-83368ED236C9}.Release|x64.ActiveCfg = Release|x64
		{E0E7A48B-3E9D-41A2-8B45-83368ED236C9}.Release|x64.Build.0 = Release|x64
		{E0E7A48B-3E9D-41A2-8B45-83368ED236C9}.Release|x86.ActiveCfg = Release|Win32
		{E0E7A48B-3E9D-41A2-8B45-83368ED236C9}.Release|x86.Build.0 = Release|Win32
		{D476B6A3-65A4-4928-B8F3-E15EA5508876}.Debug|x64.ActiveCfg = Debug|x64
		{D476B6A3-65A4-4928-B8F3-E15EA5508876}.Debug|x64.Build.0 = Debug|x64
		{D476B6A3-65A4-4928-B8F3-E15EA5508876}.Debug|x86.ActiveCfg = Debug|Win32
		{D476B6A3-65A4-4928-B8F3-E15EA5508876}.Debug|x86.Build.0 = Debug|Win32
		{D476B6A3-65A4-4928-B8F3-E15EA5508876}.Release|x64.ActiveCfg = Release|x64
		{D476B6A3-65A4-4928-B8F3-E15EA5508876}.Release|x64.Build.0 = Release|x64
		{D476B6A3-65A4-4928-B8F3-E15EA5508876}.Release|x86.ActiveCfg = Release|Win32
		{D476B6A3-65A4-4928-B8F3-E15EA5508876}.Release|x86.Build.0 = Release|Win32
		{791DC890-7C37-46D9-A552-EDB74121CD5A}.Debug|x64.ActiveCfg = Debug|x64
		{791DC890-7C37-46D9-A552-EDB74121CD5A}.Debug|x64.Build.0 = Debug|x64
		{791DC890-7C37-46D9-A552-EDB74121CD5A}.Debug|x86.ActiveCfg = Debug|Win32
		{791DC890-7C37-46D9-A552-EDB74121CD5A}.Debug|x86.Build.0 = Debug|Win32
		{791DC890-7C37-46D9-A552-EDB74121CD5A}.Release|x64.ActiveCfg = Release|x64
		{791DC890-7C37-46D9-A552-EDB74121CD5A}.Release|x64.Build.0 = Release|x64
		{791DC890-7C37-46D9-A552-EDB74121CD5A}.Release|x86.ActiveCfg = Release|Win32
		{791DC890-7C37-46D9-A552-EDB74121CD5A}.Release|x86.Build.0 = Release|Win32
		{6FD92AF1-30BB-4F2C-9B09-105B71D7608E}.Debug|x64.ActiveCfg = Debug|x64
		{6FD92AF1-30BB-4F2C-9B09-105B71D7608E}.Debug|x64.Build.0 = Debug|x64
		{6FD92AF1-30BB-4F2C-9B09-105B71D7608E}.Debug|x86.ActiveCfg = Debug|Win32
		{6FD92AF1-30BB-4F2C-9B09-105B71D7608E}.Debug|x86.Build.0 = Debug|Win32
		{6FD92AF1-30BB-4F2C-9B09-105B71D7608E}.Release|x64.ActiveCfg = Release|x64
		{6FD92AF1-30BB-4F2C-9B09-105B71D7608E}.Release|x64.Build.0 = Release|x64
		{6FD92AF1-30BB-4F2C-9B09-105B71D7608E}.Release|x86.ActiveCfg = Release|Win32
		{6FD92AF1-30BB-4F2C-9B09-105B71D7608E}.Release|x86.Build.0 = Release|Win32
		{411679A0-1FAD-4DC5-A175-F7D99485EFB5}.Debug|x64.ActiveCfg = Debug|x64
		{411679A0-1FAD-4DC5-A175-F7D99485EFB5}.Debug|x64.Build.0 = Debug|x64
		{411679A0-1FAD-4DC5-A175-F7D99485EFB5}.Debug|x86.ActiveCfg = Debug|Win32
		{411679A0-1FAD-4DC5-A175-F7D99485EFB5}.Debug|x86.Build.0 = Debug|Win32
		{411679A0-1FAD-4DC5-A175-F7D99485EFB5}.Release|x64.ActiveCfg = Release|x64
		{411679A0-1FAD-4DC5-A175-F7D99485EFB5}.Release|x64.Build.0 = Release|x64
		{411679A0-1FAD-4DC5-A175-F7D99485EFB5}.Release|x86.ActiveCfg = Release|Win32
		{411679A0-1FAD-4DC5-A175-F7D99485EFB5}.Release|x86.Build.0 = Release|Win32
		{092F6BCC-5F31-46D5-B2FB-3F111681498E}.Debug|x64.ActiveCfg = Debug|x64
		{092F6BCC-5F31-46D5-B2FB-3F111681498E}.Debug|x64.Build.0 = Debug|x64
		{092F6BCC-5F31-46D5-B2FB-3F111681498E}.Debug|x86.ActiveCfg = Debug|Win32
		{092F6BCC-5F31-46D5-B2FB-3F111681498E}.Debug|x86.Build.0 = Debug|Win32
		{092F6BCC-5F31-46D5-B2FB-3F111681498E}.Release|x64.ActiveCfg = Release|x64
		{092F6BCC-5F31-46D5-B2FB-3F111681498E}.Release|x64.Build.0 = Release|x64
		{092F6BCC-5F31-46D5-B2FB-3F111681498E}.Release|x86.ActiveCfg = Release|Win32
		{092F6BCC-5F31-46D5-B2FB-3F111681498E}.Release|x86.Build.0 = Release|Win32
		{D23A6B1E-C837-45C8-BAA4-4C495C0F04D9}.Debug|x64.ActiveCfg = Debug|x64
		{D23A6B1E-C837-45C8-BAA4-4C495C0F04D9}.Debug|x64.Build.0 = Debug|x64
		{D23A6B1E-C837-45C8-BAA4-4C495C0F04D9}.Debug|x86.ActiveCfg = Debug|Win32
		{D23A6B1E-C837-45C8-BAA4-4C495C0F04D9}.Debug|x86.Build.0 = Debug|Win32
		{D23A6B1E-C837-45C8-BAA4-4C495C0F04D9}.Release|x64.ActiveCfg = Release|x64
		{D23A6B1E-C837-45C8-BAA4-4C495C0F04D9}.Release|x64.Build.0 = Release|x64
		{D23A6B1E-C837-45C8-BAA4-4C495C0F04D9}.Release|x86.ActiveCfg = Release|Win32
		{D23A6B1E-C837-45C8-BAA4-4C495C0F04D9}.Release|x86.Build.0 = Release|Win32
		{AE46CF16-DE5A-4284-B882-297765650075}.Debug|x64.ActiveCfg = Debug|x64
		{AE46CF16-DE5A-4284-B882-297765650075}.Debug|x64.Build.0 = Debug|x64
		{AE46CF16-DE5A-4284-B882-297765650075}.Debug|x86.ActiveCfg = Debug|Win32
		{AE46CF16-DE5A-4284-B882-297765650075}.Debug|x86.Build.0 = Debug|Win32
		{AE46CF16-DE5A-4284-B882-297765650075}.Release|x64.ActiveCfg = Release|x64
		{AE46CF16-DE5A-4284-B882-297765650075}.Release|x64.Build.0 = Release|x64
		{AE46CF16-DE5A-4284-B882-297765650075}.Release|x86.ActiveCfg = Release|Win32
		{AE46CF16-DE5A-4284-B882-297765650075}.Release|x86.Build.0 = Release|Win32
		{3C68ACE2-F235-4314-BF45-5BE7368F5BF4}.Debug|x64.ActiveCfg = Debug|x64
		{3C68ACE2-F235-4314-BF45-5BE7368F5BF4}.Debug|x64.Build.0 = Debug|x64
		{3C68ACE2-F235-4314-BF45-5BE7368F5BF4}.Debug|x86.ActiveCfg = Debug|Win32
		{3C68ACE2-F235-4314-BF45-5BE7368F5BF4}.Debug|x86.Build.0 = Debug|Win32
		{3C68ACE2-F235-4314-BF45-5BE7368F5BF4}.Release|x64.ActiveCfg = Release|x64
		{3C68ACE2-F235-4314-BF45-5BE7368F5BF4}.Release|x64.Build.0 = Release|x64
		{3C68ACE2-F235-4314-BF45-5BE7368F5BF4}.Release|x86.ActiveCfg = Release|Win32
		{3C68ACE2-F235-4314-BF45-5BE7368F5BF4}.Release|x86.Build.0 = Release|Win32
		{5A86AC0A-217D-4429-AC4A-7D0DD826BAA1}.Debug|x64.ActiveCfg = Debug|x64
		{5A86AC0A-217D-4429-AC4A-7D0DD826BAA1}.Debug|x64.Build.0 = Debug|x64
		{5A86AC0A-217D-4429-AC4A-7D0DD826BAA1}.Debug|x86.ActiveCfg = Debug|x64
		{5A86AC0A-217D-4429-AC4A-7D0DD826BAA1}.Debug|x86.Build.0 = Debug|x64
		{5A86AC0A-217D-4429-AC4A-7D0DD826BAA1}.Release|x64.ActiveCfg = Release|x64
		{5A86AC0A-217D-4429-AC4A-7D0DD826BAA1}.Release|x64.Build.0 = Release|x64
		{5A86AC0A-217D-4429-AC4A-7D0DD826BAA1}.Release|x86.ActiveCfg = Release|x64
		{5A86AC0A-217D-4429-AC4A-7D0DD826BAA1}.Release|x86.Build.0 = Release|x64
	EndGlobalSection
	GlobalSection(SolutionProperties) = preSolution
		HideSolutionNode = FALSE
	EndGlobalSection
	GlobalSection(ExtensibilityGlobals) = postSolution
		SolutionGuid = {44C7BB7B-1973-47A2-B775-3DF4DC76045F}
	EndGlobalSection
EndGlobal
